
Microsoft Visual Studio Solution File, Format Version 12.00
# Visual Studio Version 17
VisualStudioVersion = 17.0.31903.59
MinimumVisualStudioVersion = 10.0.40219.1
Project("{FAE04EC0-301F-11D3-BF4B-00C04F79EFBC}") = "Services", "Services\Services.csproj", "{77253A3E-6539-4FCE-A627-8F465AF0297F}"
EndProject
Project("{FAE04EC0-301F-11D3-BF4B-00C04F79EFBC}") = "Services.Spec", "Services.Spec\Services.Spec.csproj", "{DA3D33F7-60DF-4F22-9EA6-95D9393C8A8D}"
EndProject
Project("{FAE04EC0-301F-11D3-BF4B-00C04F79EFBC}") = "Queries", "Queries\Queries.csproj", "{207D5086-9F1B-4094-8C6D-79115194FCF9}"
EndProject
Project("{FAE04EC0-301F-11D3-BF4B-00C04F79EFBC}") = "Domain.Spec", "Domain.Spec\Domain.Spec.csproj", "{7305F09A-AE80-4215-88AE-91A6BBB97274}"
EndProject
Project("{FAE04EC0-301F-11D3-BF4B-00C04F79EFBC}") = "Domain", "Domain\Domain.csproj", "{5637FB26-D6A7-4B3D-BFE7-61965C037B78}"
EndProject
Project("{FAE04EC0-301F-11D3-BF4B-00C04F79EFBC}") = "DataInMemory", "DataInMemory\DataInMemory.csproj", "{766E7891-19A8-46CE-958F-60B723A5A943}"
EndProject
Project("{FAE04EC0-301F-11D3-BF4B-00C04F79EFBC}") = "InternalMessaging", "InternalMessaging\InternalMessaging.csproj", "{723CC730-6F13-47D6-BD00-6D1A61DDB33F}"
EndProject
Project("{FAE04EC0-301F-11D3-BF4B-00C04F79EFBC}") = "Presentation", "Presentation\Presentation.csproj", "{B0310B12-F399-4858-A4F1-3CE63E4B0889}"
EndProject
Global
	GlobalSection(SolutionConfigurationPlatforms) = preSolution
		Debug|Any CPU = Debug|Any CPU
		Release|Any CPU = Release|Any CPU
	EndGlobalSection
	GlobalSection(SolutionProperties) = preSolution
		HideSolutionNode = FALSE
	EndGlobalSection
	GlobalSection(ProjectConfigurationPlatforms) = postSolution
		{77253A3E-6539-4FCE-A627-8F465AF0297F}.Debug|Any CPU.ActiveCfg = Debug|Any CPU
		{77253A3E-6539-4FCE-A627-8F465AF0297F}.Debug|Any CPU.Build.0 = Debug|Any CPU
		{77253A3E-6539-4FCE-A627-8F465AF0297F}.Release|Any CPU.ActiveCfg = Release|Any CPU
		{77253A3E-6539-4FCE-A627-8F465AF0297F}.Release|Any CPU.Build.0 = Release|Any CPU
		{DA3D33F7-60DF-4F22-9EA6-95D9393C8A8D}.Debug|Any CPU.ActiveCfg = Debug|Any CPU
		{DA3D33F7-60DF-4F22-9EA6-95D9393C8A8D}.Debug|Any CPU.Build.0 = Debug|Any CPU
		{DA3D33F7-60DF-4F22-9EA6-95D9393C8A8D}.Release|Any CPU.ActiveCfg = Release|Any CPU
		{DA3D33F7-60DF-4F22-9EA6-95D9393C8A8D}.Release|Any CPU.Build.0 = Release|Any CPU
		{207D5086-9F1B-4094-8C6D-79115194FCF9}.Debug|Any CPU.ActiveCfg = Debug|Any CPU
		{207D5086-9F1B-4094-8C6D-79115194FCF9}.Debug|Any CPU.Build.0 = Debug|Any CPU
		{207D5086-9F1B-4094-8C6D-79115194FCF9}.Release|Any CPU.ActiveCfg = Release|Any CPU
		{207D5086-9F1B-4094-8C6D-79115194FCF9}.Release|Any CPU.Build.0 = Release|Any CPU
		{7305F09A-AE80-4215-88AE-91A6BBB97274}.Debug|Any CPU.ActiveCfg = Debug|Any CPU
		{7305F09A-AE80-4215-88AE-91A6BBB97274}.Debug|Any CPU.Build.0 = Debug|Any CPU
		{7305F09A-AE80-4215-88AE-91A6BBB97274}.Release|Any CPU.ActiveCfg = Release|Any CPU
		{7305F09A-AE80-4215-88AE-91A6BBB97274}.Release|Any CPU.Build.0 = Release|Any CPU
		{5637FB26-D6A7-4B3D-BFE7-61965C037B78}.Debug|Any CPU.ActiveCfg = Debug|Any CPU
		{5637FB26-D6A7-4B3D-BFE7-61965C037B78}.Debug|Any CPU.Build.0 = Debug|Any CPU
		{5637FB26-D6A7-4B3D-BFE7-61965C037B78}.Release|Any CPU.ActiveCfg = Release|Any CPU
		{5637FB26-D6A7-4B3D-BFE7-61965C037B78}.Release|Any CPU.Build.0 = Release|Any CPU
		{766E7891-19A8-46CE-958F-60B723A5A943}.Debug|Any CPU.ActiveCfg = Debug|Any CPU
		{766E7891-19A8-46CE-958F-60B723A5A943}.Debug|Any CPU.Build.0 = Debug|Any CPU
		{766E7891-19A8-46CE-958F-60B723A5A943}.Release|Any CPU.ActiveCfg = Release|Any CPU
		{766E7891-19A8-46CE-958F-60B723A5A943}.Release|Any CPU.Build.0 = Release|Any CPU
		{723CC730-6F13-47D6-BD00-6D1A61DDB33F}.Debug|Any CPU.ActiveCfg = Debug|Any CPU
		{723CC730-6F13-47D6-BD00-6D1A61DDB33F}.Debug|Any CPU.Build.0 = Debug|Any CPU
		{723CC730-6F13-47D6-BD00-6D1A61DDB33F}.Release|Any CPU.ActiveCfg = Release|Any CPU
		{723CC730-6F13-47D6-BD00-6D1A61DDB33F}.Release|Any CPU.Build.0 = Release|Any CPU
		{B0310B12-F399-4858-A4F1-3CE63E4B0889}.Debug|Any CPU.ActiveCfg = Debug|Any CPU
		{B0310B12-F399-4858-A4F1-3CE63E4B0889}.Debug|Any CPU.Build.0 = Debug|Any CPU
		{B0310B12-F399-4858-A4F1-3CE63E4B0889}.Release|Any CPU.ActiveCfg = Release|Any CPU
		{B0310B12-F399-4858-A4F1-3CE63E4B0889}.Release|Any CPU.Build.0 = Release|Any CPU
	EndGlobalSection
EndGlobal
